{
  "name": "backend",
  "lockfileVersion": 2,
  "requires": true,
  "packages": {
    "": {
      "dependencies": {
        "backend": "file:..",
        "cors": "^2.8.5"
      }
    },
    "..": {
      "name": "backend",
      "version": "1.0.0",
      "license": "ISC",
      "dependencies": {
        "@heroicons/react": "^1.0.6",
        "@material-ui/styles": "^4.11.5",
        "@reach/router": "^1.3.4",
        "antd": "^5.1.7",
        "axios": "^1.2.3",
        "bcrypt": "^5.1.0",
        "bcryptjs": "^2.4.3",
        "bootstrap": "^5.3.0-alpha1",
        "chart.js": "2.9.3",
        "cookie-parser": "^1.4.6",
        "cors": "^2.8.5",
        "crypto-js": "^4.1.1",
        "css-loader": "^6.7.3",
        "dotenv": "^16.0.3",
        "express": "^4.18.2",
        "express-async-handler": "^1.2.0",
        "express-session": "^1.17.3",
        "i": "0.3.7",
        "import-glob-loader": "^1.1.0",
        "js-cookie": "^3.0.1",
        "jsonwebtoken": "^9.0.0",
        "mongoose": "^6.9.2",
        "nodemailer": "^6.9.1",
        "npm": "9.6.0",
        "postcss-loader": "^7.0.2",
        "react-cookie": "^4.1.1",
        "react-helmet": "^6.1.0",
        "react-responsive-carousel": "^3.2.23",
        "react-router-dom": "^6.8.0",
        "react-table": "^7.8.0",
        "redis": "^4.6.5",
        "rsuite": "^5.26.0",
        "sass-loader": "^13.2.0",
        "style-loader": "^3.3.1",
        "tailwindcss": "^3.2.4",
        "util": "^0.12.5",
        "validator": "^13.9.0"
      },
      "devDependencies": {
        "concurrently": "^7.6.0",
        "nodemon": "^2.0.20"
      }
    },
    "node_modules/backend": {
      "resolved": "..",
      "link": true
    },
    "node_modules/cors": {
      "version": "2.8.5",
      "resolved": "https://registry.npmjs.org/cors/-/cors-2.8.5.tgz",
      "integrity": "sha512-KIHbLJqu73RGr/hnbrO9uBeixNGuvSQjul/jdFvS/KFSIH1hWVd1ng7zOHx+YrEfInLG7q4n6GHQ9cDtxv/P6g==",
      "dependencies": {
        "object-assign": "^4",
        "vary": "^1"
      },
      "engines": {
        "node": ">= 0.10"
      }
    },
    "node_modules/object-assign": {
      "version": "4.1.1",
      "resolved": "https://registry.npmjs.org/object-assign/-/object-assign-4.1.1.tgz",
      "integrity": "sha512-rJgTQnkUnH1sFw8yT6VSU3zD3sWmu6sZhIseY8VX+GRu3P6F7Fu+JNDoXfklElbLJSnc3FUQHVe4cU5hj+BcUg==",
      "engines": {
        "node": ">=0.10.0"
      }
    },
    "node_modules/vary": {
      "version": "1.1.2",
      "resolved": "https://registry.npmjs.org/vary/-/vary-1.1.2.tgz",
      "integrity": "sha512-BNGbWLfd0eUPabhkXUVm0j8uuvREyTh5ovRa/dyow/BqAbZJyC+5fU+IzQOzmAKzYqYRAISoRhdQr3eIZ/PXqg==",
      "engines": {
        "node": ">= 0.8"
      }
    }
  },
  "dependencies": {
    "backend": {
      "version": "file:..",
      "requires": {
        "@heroicons/react": "^1.0.6",
        "@material-ui/styles": "^4.11.5",
        "@reach/router": "^1.3.4",
        "antd": "^5.1.7",
        "axios": "^1.2.3",
        "bcrypt": "^5.1.0",
        "bcryptjs": "^2.4.3",
        "bootstrap": "^5.3.0-alpha1",
        "chart.js": "2.9.3",
        "concurrently": "^7.6.0",
        "cookie-parser": "^1.4.6",
        "cors": "^2.8.5",
        "crypto-js": "^4.1.1",
        "css-loader": "^6.7.3",
        "dotenv": "^16.0.3",
        "express": "^4.18.2",
        "express-async-handler": "^1.2.0",
        "express-session": "^1.17.3",
        "i": "0.3.7",
        "import-glob-loader": "^1.1.0",
        "js-cookie": "^3.0.1",
        "jsonwebtoken": "^9.0.0",
        "mongoose": "^6.9.2",
        "nodemailer": "^6.9.1",
        "nodemon": "^2.0.20",
        "npm": "9.6.0",
        "postcss-loader": "^7.0.2",
        "react-cookie": "^4.1.1",
        "react-helmet": "^6.1.0",
        "react-responsive-carousel": "^3.2.23",
        "react-router-dom": "^6.8.0",
        "react-table": "^7.8.0",
        "redis": "^4.6.5",
        "rsuite": "^5.26.0",
        "sass-loader": "^13.2.0",
        "style-loader": "^3.3.1",
        "tailwindcss": "^3.2.4",
        "util": "^0.12.5",
        "validator": "^13.9.0"
      }
    },
    "cors": {
      "version": "2.8.5",
      "resolved": "https://registry.npmjs.org/cors/-/cors-2.8.5.tgz",
      "integrity": "sha512-KIHbLJqu73RGr/hnbrO9uBeixNGuvSQjul/jdFvS/KFSIH1hWVd1ng7zOHx+YrEfInLG7q4n6GHQ9cDtxv/P6g==",
      "requires": {
        "object-assign": "^4",
        "vary": "^1"
      }
    },
    "object-assign": {
      "version": "4.1.1",
      "resolved": "https://registry.npmjs.org/object-assign/-/object-assign-4.1.1.tgz",
      "integrity": "sha512-rJgTQnkUnH1sFw8yT6VSU3zD3sWmu6sZhIseY8VX+GRu3P6F7Fu+JNDoXfklElbLJSnc3FUQHVe4cU5hj+BcUg=="
    },
    "vary": {
      "version": "1.1.2",
      "resolved": "https://registry.npmjs.org/vary/-/vary-1.1.2.tgz",
      "integrity": "sha512-BNGbWLfd0eUPabhkXUVm0j8uuvREyTh5ovRa/dyow/BqAbZJyC+5fU+IzQOzmAKzYqYRAISoRhdQr3eIZ/PXqg=="
    }
  }
}
